
Microsoft Visual Studio Solution File, Format Version 12.00
# Visual Studio Version 16
VisualStudioVersion = 16.0.30002.166
MinimumVisualStudioVersion = 10.0.40219.1
Project("{FAE04EC0-301F-11D3-BF4B-00C04F79EFBC}") = "ProjectZB.Wcf", "ProjectZB.Wcf\ProjectZB.Wcf.csproj", "{DA00655E-208B-4707-8C49-FC67C59ABF9D}"
EndProject
Global
	GlobalSection(SolutionConfigurationPlatforms) = preSolution
		Debug|Any CPU = Debug|Any CPU
		Release|Any CPU = Release|Any CPU
	EndGlobalSection
	GlobalSection(ProjectConfigurationPlatforms) = postSolution
		{DA00655E-208B-4707-8C49-FC67C59ABF9D}.Debug|Any CPU.ActiveCfg = Debug|Any CPU
		{DA00655E-208B-4707-8C49-FC67C59ABF9D}.Debug|Any CPU.Build.0 = Debug|Any CPU
		{DA00655E-208B-4707-8C49-FC67C59ABF9D}.Release|Any CPU.ActiveCfg = Release|Any CPU
		{DA00655E-208B-4707-8C49-FC67C59ABF9D}.Release|Any CPU.Build.0 = Release|Any CPU
	EndGlobalSection
	GlobalSection(SolutionProperties) = preSolution
		HideSolutionNode = FALSE
	EndGlobalSection
	GlobalSection(ExtensibilityGlobals) = postSolution
		SolutionGuid = {3C89E948-07E4-4EB1-9864-1D7EEB4251B2}
	EndGlobalSection
EndGlobal
